// !$*UTF8*$!
{
	archiveVersion = 1;
	classes = {
	};
	objectVersion = 50;
	objects = {

/* Begin PBXBuildFile section */
		1A242B1B2245272700FE6365 /* IFIntroductionViewController.swift in Sources */ = {isa = PBXBuildFile; fileRef = 1A242B1A2245272700FE6365 /* IFIntroductionViewController.swift */; };
		1A242B1D2250C00A00FE6365 /* IFEditDetailViewController.swift in Sources */ = {isa = PBXBuildFile; fileRef = 1A242B1C2250C00A00FE6365 /* IFEditDetailViewController.swift */; };
		2F20B1B7225AFB46003A658C /* IFSliderView.swift in Sources */ = {isa = PBXBuildFile; fileRef = 2F20B1B6225AFB46003A658C /* IFSliderView.swift */; };
		2F29377D22432DA200F55578 /* weather_iconfont.ttf in Resources */ = {isa = PBXBuildFile; fileRef = 2F29377B22432DA200F55578 /* weather_iconfont.ttf */; };
		2F29377E22432DA200F55578 /* weather_index.html in Resources */ = {isa = PBXBuildFile; fileRef = 2F29377C22432DA200F55578 /* weather_index.html */; };
		2F2937802243315200F55578 /* IFOverviewDetailController.swift in Sources */ = {isa = PBXBuildFile; fileRef = 2F29377F2243315200F55578 /* IFOverviewDetailController.swift */; };
		2F2937822243353400F55578 /* IFSlowlyShowTransition.swift in Sources */ = {isa = PBXBuildFile; fileRef = 2F2937812243353400F55578 /* IFSlowlyShowTransition.swift */; };
		2F2937842243373100F55578 /* IFGradientView.swift in Sources */ = {isa = PBXBuildFile; fileRef = 2F2937832243373100F55578 /* IFGradientView.swift */; };
		2F2937862243577E00F55578 /* IFOverviewDetailTitleView.swift in Sources */ = {isa = PBXBuildFile; fileRef = 2F2937852243577E00F55578 /* IFOverviewDetailTitleView.swift */; };
		2F3A40442249ABDA0065E982 /* ColorUtil.swift in Sources */ = {isa = PBXBuildFile; fileRef = 2F3A40432249ABDA0065E982 /* ColorUtil.swift */; };
		2F3F86A2223F816400EBE35A /* iconfont_app.ttf in Resources */ = {isa = PBXBuildFile; fileRef = 2F3F86A1223F800800EBE35A /* iconfont_app.ttf */; };
		2F3F86A4223F831500EBE35A /* IconFont.swift in Sources */ = {isa = PBXBuildFile; fileRef = 2F3F86A3223F831500EBE35A /* IconFont.swift */; };
		2F3F86A6223F946000EBE35A /* UIColor+IF.swift in Sources */ = {isa = PBXBuildFile; fileRef = 2F3F86A5223F946000EBE35A /* UIColor+IF.swift */; };
		2F60EED0223FAC3C0031A484 /* IFRoundShadowView.swift in Sources */ = {isa = PBXBuildFile; fileRef = 2F60EECF223FAC3C0031A484 /* IFRoundShadowView.swift */; };
		2F60EED7224069DE0031A484 /* IFOverviewViewController.swift in Sources */ = {isa = PBXBuildFile; fileRef = 2F60EED6224069DE0031A484 /* IFOverviewViewController.swift */; };
		2F60EED9224069EB0031A484 /* IFEditHomeViewController.swift in Sources */ = {isa = PBXBuildFile; fileRef = 2F60EED8224069EB0031A484 /* IFEditHomeViewController.swift */; };
		2F60EEDB22406A310031A484 /* IFBaseNavigationController.swift in Sources */ = {isa = PBXBuildFile; fileRef = 2F60EEDA22406A310031A484 /* IFBaseNavigationController.swift */; };
		2F60EEDE224089C20031A484 /* IFListViewController.swift in Sources */ = {isa = PBXBuildFile; fileRef = 2F60EEDD224089C20031A484 /* IFListViewController.swift */; };
		2F722038224F0E29002E2F9D /* IFScaleAnimateable.swift in Sources */ = {isa = PBXBuildFile; fileRef = 2F722037224F0E29002E2F9D /* IFScaleAnimateable.swift */; };
		2F9B6F15225356F100BC0CB0 /* IFFilter.swift in Sources */ = {isa = PBXBuildFile; fileRef = 2F9B6F14225356F100BC0CB0 /* IFFilter.swift */; };
		2F9B6F172253757400BC0CB0 /* IFEditContentIconView.swift in Sources */ = {isa = PBXBuildFile; fileRef = 2F9B6F162253757400BC0CB0 /* IFEditContentIconView.swift */; };
		2F9B6F1922537C2500BC0CB0 /* IFEditNavBar.swift in Sources */ = {isa = PBXBuildFile; fileRef = 2F9B6F1822537C2500BC0CB0 /* IFEditNavBar.swift */; };
		2F9B6F1B225446E500BC0CB0 /* IFCalculatorPanel.swift in Sources */ = {isa = PBXBuildFile; fileRef = 2F9B6F1A225446E500BC0CB0 /* IFCalculatorPanel.swift */; };
		2F9B6F1D2254B27B00BC0CB0 /* IFEditToolBar.swift in Sources */ = {isa = PBXBuildFile; fileRef = 2F9B6F1C2254B27B00BC0CB0 /* IFEditToolBar.swift */; };
		2F9B6F1F2254C7E300BC0CB0 /* IFEditToolViewController.swift in Sources */ = {isa = PBXBuildFile; fileRef = 2F9B6F1E2254C7E300BC0CB0 /* IFEditToolViewController.swift */; };
		2F9B6F222255B4E800BC0CB0 /* IFCalculatorController.swift in Sources */ = {isa = PBXBuildFile; fileRef = 2F9B6F212255B4E800BC0CB0 /* IFCalculatorController.swift */; };
		2FA1717E224482AD000EC866 /* IFOverviewDetailContentView.swift in Sources */ = {isa = PBXBuildFile; fileRef = 2FA1717D224482AD000EC866 /* IFOverviewDetailContentView.swift */; };
		2FA171872246253C000EC866 /* creativeLetters_index.html in Resources */ = {isa = PBXBuildFile; fileRef = 2FA171852246253C000EC866 /* creativeLetters_index.html */; };
		2FA171882246253C000EC866 /* creativeLetters_iconfont.ttf in Resources */ = {isa = PBXBuildFile; fileRef = 2FA171862246253C000EC866 /* creativeLetters_iconfont.ttf */; };
		2FAC3D422241F0550089EC76 /* IFItem.swift in Sources */ = {isa = PBXBuildFile; fileRef = 2FAC3D412241F0550089EC76 /* IFItem.swift */; };
		2FAC3D472241F21E0089EC76 /* dingding_index.html in Resources */ = {isa = PBXBuildFile; fileRef = 2FAC3D452241F21E0089EC76 /* dingding_index.html */; };
		2FAC3D482241F21E0089EC76 /* dingding_iconfont.ttf in Resources */ = {isa = PBXBuildFile; fileRef = 2FAC3D462241F21E0089EC76 /* dingding_iconfont.ttf */; };
		2FAC3D4A224225140089EC76 /* IFOverviewCell.swift in Sources */ = {isa = PBXBuildFile; fileRef = 2FAC3D49224225140089EC76 /* IFOverviewCell.swift */; };
		2FAC3D4C22423D690089EC76 /* IFOverviewHeaderView.swift in Sources */ = {isa = PBXBuildFile; fileRef = 2FAC3D4B22423D690089EC76 /* IFOverviewHeaderView.swift */; };
		2FAC3D51224258BC0089EC76 /* sportProject_index.html in Resources */ = {isa = PBXBuildFile; fileRef = 2FAC3D4F224258BC0089EC76 /* sportProject_index.html */; };
		2FAC3D52224258BC0089EC76 /* sportProject_iconfont.ttf in Resources */ = {isa = PBXBuildFile; fileRef = 2FAC3D50224258BC0089EC76 /* sportProject_iconfont.ttf */; };
		2FC38039224E0DE5006B12B7 /* IFGlobalManager.swift in Sources */ = {isa = PBXBuildFile; fileRef = 2FC38038224E0DE5006B12B7 /* IFGlobalManager.swift */; };
		2FC3803C224E132B006B12B7 /* IFEditHomeCell.swift in Sources */ = {isa = PBXBuildFile; fileRef = 2FC3803B224E132B006B12B7 /* IFEditHomeCell.swift */; };
		2FC3803E224E147C006B12B7 /* IFEditHomeHeaderView.swift in Sources */ = {isa = PBXBuildFile; fileRef = 2FC3803D224E147C006B12B7 /* IFEditHomeHeaderView.swift */; };
		2FC3AAD5226B06AE00CF0805 /* sungrow_iconfont.ttf in Resources */ = {isa = PBXBuildFile; fileRef = 2FC3AAD3226B06AE00CF0805 /* sungrow_iconfont.ttf */; };
		2FC3AAD6226B06AE00CF0805 /* sungrow_index.html in Resources */ = {isa = PBXBuildFile; fileRef = 2FC3AAD4226B06AE00CF0805 /* sungrow_index.html */; };
		2FD13422223F61B20023B097 /* AppDelegate.swift in Sources */ = {isa = PBXBuildFile; fileRef = 2FD13421223F61B20023B097 /* AppDelegate.swift */; };
		2FD13429223F61B40023B097 /* Assets.xcassets in Resources */ = {isa = PBXBuildFile; fileRef = 2FD13428223F61B40023B097 /* Assets.xcassets */; };
		2FD1342C223F61B40023B097 /* LaunchScreen.storyboard in Resources */ = {isa = PBXBuildFile; fileRef = 2FD1342A223F61B40023B097 /* LaunchScreen.storyboard */; };
		2FD13437223F61B40023B097 /* IconFontTests.swift in Sources */ = {isa = PBXBuildFile; fileRef = 2FD13436223F61B40023B097 /* IconFontTests.swift */; };
		2FD13442223F61B40023B097 /* IconFontUITests.swift in Sources */ = {isa = PBXBuildFile; fileRef = 2FD13441223F61B40023B097 /* IconFontUITests.swift */; };
		2FD13454223F64AA0023B097 /* IFBaseViewController.swift in Sources */ = {isa = PBXBuildFile; fileRef = 2FD13453223F64AA0023B097 /* IFBaseViewController.swift */; };
		2FD13456223F64F10023B097 /* IFMainViewController.swift in Sources */ = {isa = PBXBuildFile; fileRef = 2FD13455223F64F10023B097 /* IFMainViewController.swift */; };
		2FD13459223F664A0023B097 /* IFBaseView.swift in Sources */ = {isa = PBXBuildFile; fileRef = 2FD13458223F664A0023B097 /* IFBaseView.swift */; };
		2FD1345B223F66660023B097 /* IFMainTabBar.swift in Sources */ = {isa = PBXBuildFile; fileRef = 2FD1345A223F66660023B097 /* IFMainTabBar.swift */; };
		2FE4ABD9224263AF00A777D1 /* sportMovement_index.html in Resources */ = {isa = PBXBuildFile; fileRef = 2FE4ABD7224263AF00A777D1 /* sportMovement_index.html */; };
		2FE4ABDA224263AF00A777D1 /* sportMovement_iconfont.ttf in Resources */ = {isa = PBXBuildFile; fileRef = 2FE4ABD8224263AF00A777D1 /* sportMovement_iconfont.ttf */; };
		2FE4ABDE224264E600A777D1 /* beautyMakeup_index.html in Resources */ = {isa = PBXBuildFile; fileRef = 2FE4ABDC224264E600A777D1 /* beautyMakeup_index.html */; };
		2FE4ABDF224264E600A777D1 /* beautyMakeup_iconfont.ttf in Resources */ = {isa = PBXBuildFile; fileRef = 2FE4ABDD224264E600A777D1 /* beautyMakeup_iconfont.ttf */; };
		469AA9B6AF068CB50ED03705 /* Pods_IconFontTests.framework in Frameworks */ = {isa = PBXBuildFile; fileRef = D063CDC879F9AC2A0BD91013 /* Pods_IconFontTests.framework */; };
		70C470A93F2AA4D218688034 /* Pods_IconFont.framework in Frameworks */ = {isa = PBXBuildFile; fileRef = 8D13C2AD5060CDAD6BB8198F /* Pods_IconFont.framework */; };
		9C2AEE9ED5B07428C62FE454 /* Pods_IconFontUITests.framework in Frameworks */ = {isa = PBXBuildFile; fileRef = E65819DF1B984C86E541D973 /* Pods_IconFontUITests.framework */; };
/* End PBXBuildFile section */

/* Begin PBXContainerItemProxy section */
		2FD13433223F61B40023B097 /* PBXContainerItemProxy */ = {
			isa = PBXContainerItemProxy;
			containerPortal = 2FD13416223F61B20023B097 /* Project object */;
			proxyType = 1;
			remoteGlobalIDString = 2FD1341D223F61B20023B097;
			remoteInfo = IconFont;
		};
		2FD1343E223F61B40023B097 /* PBXContainerItemProxy */ = {
			isa = PBXContainerItemProxy;
			containerPortal = 2FD13416223F61B20023B097 /* Project object */;
			proxyType = 1;
			remoteGlobalIDString = 2FD1341D223F61B20023B097;
			remoteInfo = IconFont;
		};
/* End PBXContainerItemProxy section */

/* Begin PBXFileReference section */
		0D390D62D3F9CD4306FD9AE7 /* Pods-IconFontTests.release.xcconfig */ = {isa = PBXFileReference; includeInIndex = 1; lastKnownFileType = text.xcconfig; name = "Pods-IconFontTests.release.xcconfig"; path = "Target Support Files/Pods-IconFontTests/Pods-IconFontTests.release.xcconfig"; sourceTree = "<group>"; };
		1A242B1A2245272700FE6365 /* IFIntroductionViewController.swift */ = {isa = PBXFileReference; lastKnownFileType = sourcecode.swift; path = IFIntroductionViewController.swift; sourceTree = "<group>"; };
		1A242B1C2250C00A00FE6365 /* IFEditDetailViewController.swift */ = {isa = PBXFileReference; lastKnownFileType = sourcecode.swift; path = IFEditDetailViewController.swift; sourceTree = "<group>"; };
		2F20B1B6225AFB46003A658C /* IFSliderView.swift */ = {isa = PBXFileReference; lastKnownFileType = sourcecode.swift; path = IFSliderView.swift; sourceTree = "<group>"; };
		2F29377B22432DA200F55578 /* weather_iconfont.ttf */ = {isa = PBXFileReference; lastKnownFileType = file; path = weather_iconfont.ttf; sourceTree = "<group>"; };
		2F29377C22432DA200F55578 /* weather_index.html */ = {isa = PBXFileReference; fileEncoding = 4; lastKnownFileType = text.html; path = weather_index.html; sourceTree = "<group>"; };
		2F29377F2243315200F55578 /* IFOverviewDetailController.swift */ = {isa = PBXFileReference; lastKnownFileType = sourcecode.swift; path = IFOverviewDetailController.swift; sourceTree = "<group>"; };
		2F2937812243353400F55578 /* IFSlowlyShowTransition.swift */ = {isa = PBXFileReference; lastKnownFileType = sourcecode.swift; path = IFSlowlyShowTransition.swift; sourceTree = "<group>"; };
		2F2937832243373100F55578 /* IFGradientView.swift */ = {isa = PBXFileReference; lastKnownFileType = sourcecode.swift; path = IFGradientView.swift; sourceTree = "<group>"; };
		2F2937852243577E00F55578 /* IFOverviewDetailTitleView.swift */ = {isa = PBXFileReference; lastKnownFileType = sourcecode.swift; path = IFOverviewDetailTitleView.swift; sourceTree = "<group>"; };
		2F3A40432249ABDA0065E982 /* ColorUtil.swift */ = {isa = PBXFileReference; lastKnownFileType = sourcecode.swift; path = ColorUtil.swift; sourceTree = "<group>"; };
		2F3F86A1223F800800EBE35A /* iconfont_app.ttf */ = {isa = PBXFileReference; lastKnownFileType = file; path = iconfont_app.ttf; sourceTree = "<group>"; };
		2F3F86A3223F831500EBE35A /* IconFont.swift */ = {isa = PBXFileReference; lastKnownFileType = sourcecode.swift; path = IconFont.swift; sourceTree = "<group>"; };
		2F3F86A5223F946000EBE35A /* UIColor+IF.swift */ = {isa = PBXFileReference; lastKnownFileType = sourcecode.swift; path = "UIColor+IF.swift"; sourceTree = "<group>"; };
		2F60EECF223FAC3C0031A484 /* IFRoundShadowView.swift */ = {isa = PBXFileReference; lastKnownFileType = sourcecode.swift; path = IFRoundShadowView.swift; sourceTree = "<group>"; };
		2F60EED6224069DE0031A484 /* IFOverviewViewController.swift */ = {isa = PBXFileReference; lastKnownFileType = sourcecode.swift; path = IFOverviewViewController.swift; sourceTree = "<group>"; };
		2F60EED8224069EB0031A484 /* IFEditHomeViewController.swift */ = {isa = PBXFileReference; lastKnownFileType = sourcecode.swift; path = IFEditHomeViewController.swift; sourceTree = "<group>"; };
		2F60EEDA22406A310031A484 /* IFBaseNavigationController.swift */ = {isa = PBXFileReference; lastKnownFileType = sourcecode.swift; path = IFBaseNavigationController.swift; sourceTree = "<group>"; };
		2F60EEDD224089C20031A484 /* IFListViewController.swift */ = {isa = PBXFileReference; lastKnownFileType = sourcecode.swift; path = IFListViewController.swift; sourceTree = "<group>"; };
		2F722037224F0E29002E2F9D /* IFScaleAnimateable.swift */ = {isa = PBXFileReference; lastKnownFileType = sourcecode.swift; path = IFScaleAnimateable.swift; sourceTree = "<group>"; };
		2F9B6F14225356F100BC0CB0 /* IFFilter.swift */ = {isa = PBXFileReference; lastKnownFileType = sourcecode.swift; path = IFFilter.swift; sourceTree = "<group>"; };
		2F9B6F162253757400BC0CB0 /* IFEditContentIconView.swift */ = {isa = PBXFileReference; lastKnownFileType = sourcecode.swift; path = IFEditContentIconView.swift; sourceTree = "<group>"; };
		2F9B6F1822537C2500BC0CB0 /* IFEditNavBar.swift */ = {isa = PBXFileReference; lastKnownFileType = sourcecode.swift; path = IFEditNavBar.swift; sourceTree = "<group>"; };
		2F9B6F1A225446E500BC0CB0 /* IFCalculatorPanel.swift */ = {isa = PBXFileReference; lastKnownFileType = sourcecode.swift; path = IFCalculatorPanel.swift; sourceTree = "<group>"; };
		2F9B6F1C2254B27B00BC0CB0 /* IFEditToolBar.swift */ = {isa = PBXFileReference; lastKnownFileType = sourcecode.swift; path = IFEditToolBar.swift; sourceTree = "<group>"; };
		2F9B6F1E2254C7E300BC0CB0 /* IFEditToolViewController.swift */ = {isa = PBXFileReference; lastKnownFileType = sourcecode.swift; path = IFEditToolViewController.swift; sourceTree = "<group>"; };
		2F9B6F212255B4E800BC0CB0 /* IFCalculatorController.swift */ = {isa = PBXFileReference; lastKnownFileType = sourcecode.swift; path = IFCalculatorController.swift; sourceTree = "<group>"; };
		2FA1717D224482AD000EC866 /* IFOverviewDetailContentView.swift */ = {isa = PBXFileReference; lastKnownFileType = sourcecode.swift; path = IFOverviewDetailContentView.swift; sourceTree = "<group>"; };
		2FA171852246253C000EC866 /* creativeLetters_index.html */ = {isa = PBXFileReference; fileEncoding = 4; lastKnownFileType = text.html; path = creativeLetters_index.html; sourceTree = "<group>"; };
		2FA171862246253C000EC866 /* creativeLetters_iconfont.ttf */ = {isa = PBXFileReference; lastKnownFileType = file; path = creativeLetters_iconfont.ttf; sourceTree = "<group>"; };
		2FAC3D412241F0550089EC76 /* IFItem.swift */ = {isa = PBXFileReference; lastKnownFileType = sourcecode.swift; path = IFItem.swift; sourceTree = "<group>"; };
		2FAC3D452241F21E0089EC76 /* dingding_index.html */ = {isa = PBXFileReference; fileEncoding = 4; lastKnownFileType = text.html; path = dingding_index.html; sourceTree = "<group>"; };
		2FAC3D462241F21E0089EC76 /* dingding_iconfont.ttf */ = {isa = PBXFileReference; lastKnownFileType = file; path = dingding_iconfont.ttf; sourceTree = "<group>"; };
		2FAC3D49224225140089EC76 /* IFOverviewCell.swift */ = {isa = PBXFileReference; lastKnownFileType = sourcecode.swift; path = IFOverviewCell.swift; sourceTree = "<group>"; };
		2FAC3D4B22423D690089EC76 /* IFOverviewHeaderView.swift */ = {isa = PBXFileReference; lastKnownFileType = sourcecode.swift; path = IFOverviewHeaderView.swift; sourceTree = "<group>"; };
		2FAC3D4F224258BC0089EC76 /* sportProject_index.html */ = {isa = PBXFileReference; fileEncoding = 4; lastKnownFileType = text.html; path = sportProject_index.html; sourceTree = "<group>"; };
		2FAC3D50224258BC0089EC76 /* sportProject_iconfont.ttf */ = {isa = PBXFileReference; lastKnownFileType = file; path = sportProject_iconfont.ttf; sourceTree = "<group>"; };
		2FC38038224E0DE5006B12B7 /* IFGlobalManager.swift */ = {isa = PBXFileReference; lastKnownFileType = sourcecode.swift; path = IFGlobalManager.swift; sourceTree = "<group>"; };
		2FC3803B224E132B006B12B7 /* IFEditHomeCell.swift */ = {isa = PBXFileReference; lastKnownFileType = sourcecode.swift; path = IFEditHomeCell.swift; sourceTree = "<group>"; };
		2FC3803D224E147C006B12B7 /* IFEditHomeHeaderView.swift */ = {isa = PBXFileReference; lastKnownFileType = sourcecode.swift; path = IFEditHomeHeaderView.swift; sourceTree = "<group>"; };
		2FC3AAD3226B06AE00CF0805 /* sungrow_iconfont.ttf */ = {isa = PBXFileReference; lastKnownFileType = file; path = sungrow_iconfont.ttf; sourceTree = "<group>"; };
		2FC3AAD4226B06AE00CF0805 /* sungrow_index.html */ = {isa = PBXFileReference; fileEncoding = 4; lastKnownFileType = text.html; path = sungrow_index.html; sourceTree = "<group>"; };
		2FD1341E223F61B20023B097 /* IconFont.app */ = {isa = PBXFileReference; explicitFileType = wrapper.application; includeInIndex = 0; path = IconFont.app; sourceTree = BUILT_PRODUCTS_DIR; };
		2FD13421223F61B20023B097 /* AppDelegate.swift */ = {isa = PBXFileReference; lastKnownFileType = sourcecode.swift; path = AppDelegate.swift; sourceTree = "<group>"; };
		2FD13428223F61B40023B097 /* Assets.xcassets */ = {isa = PBXFileReference; lastKnownFileType = folder.assetcatalog; path = Assets.xcassets; sourceTree = "<group>"; };
		2FD1342B223F61B40023B097 /* Base */ = {isa = PBXFileReference; lastKnownFileType = file.storyboard; name = Base; path = Base.lproj/LaunchScreen.storyboard; sourceTree = "<group>"; };
		2FD1342D223F61B40023B097 /* Info.plist */ = {isa = PBXFileReference; lastKnownFileType = text.plist.xml; path = Info.plist; sourceTree = "<group>"; };
		2FD13432223F61B40023B097 /* IconFontTests.xctest */ = {isa = PBXFileReference; explicitFileType = wrapper.cfbundle; includeInIndex = 0; path = IconFontTests.xctest; sourceTree = BUILT_PRODUCTS_DIR; };
		2FD13436223F61B40023B097 /* IconFontTests.swift */ = {isa = PBXFileReference; lastKnownFileType = sourcecode.swift; path = IconFontTests.swift; sourceTree = "<group>"; };
		2FD13438223F61B40023B097 /* Info.plist */ = {isa = PBXFileReference; lastKnownFileType = text.plist.xml; path = Info.plist; sourceTree = "<group>"; };
		2FD1343D223F61B40023B097 /* IconFontUITests.xctest */ = {isa = PBXFileReference; explicitFileType = wrapper.cfbundle; includeInIndex = 0; path = IconFontUITests.xctest; sourceTree = BUILT_PRODUCTS_DIR; };
		2FD13441223F61B40023B097 /* IconFontUITests.swift */ = {isa = PBXFileReference; lastKnownFileType = sourcecode.swift; path = IconFontUITests.swift; sourceTree = "<group>"; };
		2FD13443223F61B40023B097 /* Info.plist */ = {isa = PBXFileReference; lastKnownFileType = text.plist.xml; path = Info.plist; sourceTree = "<group>"; };
		2FD13453223F64AA0023B097 /* IFBaseViewController.swift */ = {isa = PBXFileReference; lastKnownFileType = sourcecode.swift; path = IFBaseViewController.swift; sourceTree = "<group>"; };
		2FD13455223F64F10023B097 /* IFMainViewController.swift */ = {isa = PBXFileReference; lastKnownFileType = sourcecode.swift; path = IFMainViewController.swift; sourceTree = "<group>"; };
		2FD13458223F664A0023B097 /* IFBaseView.swift */ = {isa = PBXFileReference; lastKnownFileType = sourcecode.swift; path = IFBaseView.swift; sourceTree = "<group>"; };
		2FD1345A223F66660023B097 /* IFMainTabBar.swift */ = {isa = PBXFileReference; lastKnownFileType = sourcecode.swift; path = IFMainTabBar.swift; sourceTree = "<group>"; };
		2FE4ABD7224263AF00A777D1 /* sportMovement_index.html */ = {isa = PBXFileReference; fileEncoding = 4; lastKnownFileType = text.html; path = sportMovement_index.html; sourceTree = "<group>"; };
		2FE4ABD8224263AF00A777D1 /* sportMovement_iconfont.ttf */ = {isa = PBXFileReference; lastKnownFileType = file; path = sportMovement_iconfont.ttf; sourceTree = "<group>"; };
		2FE4ABDC224264E600A777D1 /* beautyMakeup_index.html */ = {isa = PBXFileReference; fileEncoding = 4; lastKnownFileType = text.html; path = beautyMakeup_index.html; sourceTree = "<group>"; };
		2FE4ABDD224264E600A777D1 /* beautyMakeup_iconfont.ttf */ = {isa = PBXFileReference; lastKnownFileType = file; path = beautyMakeup_iconfont.ttf; sourceTree = "<group>"; };
		3628752A21A91BF3FDC3DB76 /* Pods-IconFontUITests.release.xcconfig */ = {isa = PBXFileReference; includeInIndex = 1; lastKnownFileType = text.xcconfig; name = "Pods-IconFontUITests.release.xcconfig"; path = "Target Support Files/Pods-IconFontUITests/Pods-IconFontUITests.release.xcconfig"; sourceTree = "<group>"; };
		6B7FCDBDA111ADBDCC57E3FA /* Pods-IconFontUITests.debug.xcconfig */ = {isa = PBXFileReference; includeInIndex = 1; lastKnownFileType = text.xcconfig; name = "Pods-IconFontUITests.debug.xcconfig"; path = "Target Support Files/Pods-IconFontUITests/Pods-IconFontUITests.debug.xcconfig"; sourceTree = "<group>"; };
		6CE19778AF5FB9C650BEBDA0 /* Pods-IconFont.debug.xcconfig */ = {isa = PBXFileReference; includeInIndex = 1; lastKnownFileType = text.xcconfig; name = "Pods-IconFont.debug.xcconfig"; path = "Target Support Files/Pods-IconFont/Pods-IconFont.debug.xcconfig"; sourceTree = "<group>"; };
		76D68381198FA81C64799C77 /* Pods-IconFont.release.xcconfig */ = {isa = PBXFileReference; includeInIndex = 1; lastKnownFileType = text.xcconfig; name = "Pods-IconFont.release.xcconfig"; path = "Target Support Files/Pods-IconFont/Pods-IconFont.release.xcconfig"; sourceTree = "<group>"; };
		8D13C2AD5060CDAD6BB8198F /* Pods_IconFont.framework */ = {isa = PBXFileReference; explicitFileType = wrapper.framework; includeInIndex = 0; path = Pods_IconFont.framework; sourceTree = BUILT_PRODUCTS_DIR; };
		D063CDC879F9AC2A0BD91013 /* Pods_IconFontTests.framework */ = {isa = PBXFileReference; explicitFileType = wrapper.framework; includeInIndex = 0; path = Pods_IconFontTests.framework; sourceTree = BUILT_PRODUCTS_DIR; };
		E56199D75298A58B5738559A /* Pods-IconFontTests.debug.xcconfig */ = {isa = PBXFileReference; includeInIndex = 1; lastKnownFileType = text.xcconfig; name = "Pods-IconFontTests.debug.xcconfig"; path = "Target Support Files/Pods-IconFontTests/Pods-IconFontTests.debug.xcconfig"; sourceTree = "<group>"; };
		E65819DF1B984C86E541D973 /* Pods_IconFontUITests.framework */ = {isa = PBXFileReference; explicitFileType = wrapper.framework; includeInIndex = 0; path = Pods_IconFontUITests.framework; sourceTree = BUILT_PRODUCTS_DIR; };
/* End PBXFileReference section */

/* Begin PBXFrameworksBuildPhase section */
		2FD1341B223F61B20023B097 /* Frameworks */ = {
			isa = PBXFrameworksBuildPhase;
			buildActionMask = 2147483647;
			files = (
				70C470A93F2AA4D218688034 /* Pods_IconFont.framework in Frameworks */,
			);
			runOnlyForDeploymentPostprocessing = 0;
		};
		2FD1342F223F61B40023B097 /* Frameworks */ = {
			isa = PBXFrameworksBuildPhase;
			buildActionMask = 2147483647;
			files = (
				469AA9B6AF068CB50ED03705 /* Pods_IconFontTests.framework in Frameworks */,
			);
			runOnlyForDeploymentPostprocessing = 0;
		};
		2FD1343A223F61B40023B097 /* Frameworks */ = {
			isa = PBXFrameworksBuildPhase;
			buildActionMask = 2147483647;
			files = (
				9C2AEE9ED5B07428C62FE454 /* Pods_IconFontUITests.framework in Frameworks */,
			);
			runOnlyForDeploymentPostprocessing = 0;
		};
/* End PBXFrameworksBuildPhase section */

/* Begin PBXGroup section */
		1A242B19224526F100FE6365 /* Introduction */ = {
			isa = PBXGroup;
			children = (
				1A242B1A2245272700FE6365 /* IFIntroductionViewController.swift */,
			);
			path = Introduction;
			sourceTree = "<group>";
		};
		2F20B1B5225AFA94003A658C /* IFSliderView */ = {
			isa = PBXGroup;
			children = (
				2F20B1B6225AFB46003A658C /* IFSliderView.swift */,
			);
			path = IFSliderView;
			sourceTree = "<group>";
		};
		2F29377A22432D8D00F55578 /* weather */ = {
			isa = PBXGroup;
			children = (
				2F29377C22432DA200F55578 /* weather_index.html */,
				2F29377B22432DA200F55578 /* weather_iconfont.ttf */,
			);
			path = weather;
			sourceTree = "<group>";
		};
		2F60EED4224069710031A484 /* Overview */ = {
			isa = PBXGroup;
			children = (
				2F60EED6224069DE0031A484 /* IFOverviewViewController.swift */,
				2F29377F2243315200F55578 /* IFOverviewDetailController.swift */,
				2FAC3D402241C3440089EC76 /* View */,
			);
			path = Overview;
			sourceTree = "<group>";
		};
		2F60EED5224069950031A484 /* Edit */ = {
			isa = PBXGroup;
			children = (
				2F60EED8224069EB0031A484 /* IFEditHomeViewController.swift */,
				1A242B1C2250C00A00FE6365 /* IFEditDetailViewController.swift */,
				2F9B6F1E2254C7E300BC0CB0 /* IFEditToolViewController.swift */,
				2FC3803A224E130A006B12B7 /* View */,
			);
			path = Edit;
			sourceTree = "<group>";
		};
		2F60EEDC224089A50031A484 /* List */ = {
			isa = PBXGroup;
			children = (
				2F60EEDD224089C20031A484 /* IFListViewController.swift */,
			);
			path = List;
			sourceTree = "<group>";
		};
		2F9B6F202255B4C600BC0CB0 /* Calculator */ = {
			isa = PBXGroup;
			children = (
				2F9B6F1A225446E500BC0CB0 /* IFCalculatorPanel.swift */,
				2F9B6F212255B4E800BC0CB0 /* IFCalculatorController.swift */,
			);
			path = Calculator;
			sourceTree = "<group>";
		};
		2FA171842246251C000EC866 /* creativeLetters */ = {
			isa = PBXGroup;
			children = (
				2FA171852246253C000EC866 /* creativeLetters_index.html */,
				2FA171862246253C000EC866 /* creativeLetters_iconfont.ttf */,
			);
			path = creativeLetters;
			sourceTree = "<group>";
		};
		2FAC3D402241C3440089EC76 /* View */ = {
			isa = PBXGroup;
			children = (
				2FAC3D49224225140089EC76 /* IFOverviewCell.swift */,
				2FAC3D4B22423D690089EC76 /* IFOverviewHeaderView.swift */,
				2F2937852243577E00F55578 /* IFOverviewDetailTitleView.swift */,
				2FA1717D224482AD000EC866 /* IFOverviewDetailContentView.swift */,
			);
			path = View;
			sourceTree = "<group>";
		};
		2FAC3D432241F1F70089EC76 /* IFResource */ = {
			isa = PBXGroup;
			children = (
				2FC3AAD2226B067300CF0805 /* sungrow */,
				2FA171842246251C000EC866 /* creativeLetters */,
				2F29377A22432D8D00F55578 /* weather */,
				2FE4ABDB224264C800A777D1 /* beautyMakeup */,
				2FAC3D4E224258880089EC76 /* sportMovement */,
				2FAC3D4D224258720089EC76 /* sportProject */,
				2FAC3D442241F2070089EC76 /* dingding */,
				2FC38038224E0DE5006B12B7 /* IFGlobalManager.swift */,
			);
			path = IFResource;
			sourceTree = "<group>";
		};
		2FAC3D442241F2070089EC76 /* dingding */ = {
			isa = PBXGroup;
			children = (
				2FAC3D452241F21E0089EC76 /* dingding_index.html */,
				2FAC3D462241F21E0089EC76 /* dingding_iconfont.ttf */,
			);
			path = dingding;
			sourceTree = "<group>";
		};
		2FAC3D4D224258720089EC76 /* sportProject */ = {
			isa = PBXGroup;
			children = (
				2FAC3D4F224258BC0089EC76 /* sportProject_index.html */,
				2FAC3D50224258BC0089EC76 /* sportProject_iconfont.ttf */,
			);
			path = sportProject;
			sourceTree = "<group>";
		};
		2FAC3D4E224258880089EC76 /* sportMovement */ = {
			isa = PBXGroup;
			children = (
				2FE4ABD7224263AF00A777D1 /* sportMovement_index.html */,
				2FE4ABD8224263AF00A777D1 /* sportMovement_iconfont.ttf */,
			);
			path = sportMovement;
			sourceTree = "<group>";
		};
		2FC3803A224E130A006B12B7 /* View */ = {
			isa = PBXGroup;
			children = (
				2FC3803B224E132B006B12B7 /* IFEditHomeCell.swift */,
				2FC3803D224E147C006B12B7 /* IFEditHomeHeaderView.swift */,
				2F9B6F162253757400BC0CB0 /* IFEditContentIconView.swift */,
				2F9B6F1822537C2500BC0CB0 /* IFEditNavBar.swift */,
				2F9B6F1C2254B27B00BC0CB0 /* IFEditToolBar.swift */,
			);
			path = View;
			sourceTree = "<group>";
		};
		2FC3AAD2226B067300CF0805 /* sungrow */ = {
			isa = PBXGroup;
			children = (
				2FC3AAD3226B06AE00CF0805 /* sungrow_iconfont.ttf */,
				2FC3AAD4226B06AE00CF0805 /* sungrow_index.html */,
			);
			path = sungrow;
			sourceTree = "<group>";
		};
		2FD13415223F61B20023B097 = {
			isa = PBXGroup;
			children = (
				2FD13420223F61B20023B097 /* IconFont */,
				2FD13435223F61B40023B097 /* IconFontTests */,
				2FD13440223F61B40023B097 /* IconFontUITests */,
				2FD1341F223F61B20023B097 /* Products */,
				7CBB41780CE6930819E976A1 /* Pods */,
				E9CA76E852518F844C1A56B0 /* Frameworks */,
			);
			sourceTree = "<group>";
		};
		2FD1341F223F61B20023B097 /* Products */ = {
			isa = PBXGroup;
			children = (
				2FD1341E223F61B20023B097 /* IconFont.app */,
				2FD13432223F61B40023B097 /* IconFontTests.xctest */,
				2FD1343D223F61B40023B097 /* IconFontUITests.xctest */,
			);
			name = Products;
			sourceTree = "<group>";
		};
		2FD13420223F61B20023B097 /* IconFont */ = {
			isa = PBXGroup;
			children = (
				1A242B19224526F100FE6365 /* Introduction */,
				2FAC3D432241F1F70089EC76 /* IFResource */,
				2F60EEDC224089A50031A484 /* List */,
				2F60EED5224069950031A484 /* Edit */,
				2F60EED4224069710031A484 /* Overview */,
				2FD13451223F633A0023B097 /* Util */,
				2FD13450223F63330023B097 /* Base */,
				2FD1344F223F632A0023B097 /* Main */,
				2FD13421223F61B20023B097 /* AppDelegate.swift */,
				2FD13428223F61B40023B097 /* Assets.xcassets */,
				2F3F86A1223F800800EBE35A /* iconfont_app.ttf */,
				2FD1342A223F61B40023B097 /* LaunchScreen.storyboard */,
				2FD1342D223F61B40023B097 /* Info.plist */,
			);
			path = IconFont;
			sourceTree = "<group>";
		};
		2FD13435223F61B40023B097 /* IconFontTests */ = {
			isa = PBXGroup;
			children = (
				2FD13436223F61B40023B097 /* IconFontTests.swift */,
				2FD13438223F61B40023B097 /* Info.plist */,
			);
			path = IconFontTests;
			sourceTree = "<group>";
		};
		2FD13440223F61B40023B097 /* IconFontUITests */ = {
			isa = PBXGroup;
			children = (
				2FD13441223F61B40023B097 /* IconFontUITests.swift */,
				2FD13443223F61B40023B097 /* Info.plist */,
			);
			path = IconFontUITests;
			sourceTree = "<group>";
		};
		2FD1344F223F632A0023B097 /* Main */ = {
			isa = PBXGroup;
			children = (
				2F9B6F202255B4C600BC0CB0 /* Calculator */,
				2FD13455223F64F10023B097 /* IFMainViewController.swift */,
				2FD13457223F66300023B097 /* View */,
			);
			path = Main;
			sourceTree = "<group>";
		};
		2FD13450223F63330023B097 /* Base */ = {
			isa = PBXGroup;
			children = (
				2FD13453223F64AA0023B097 /* IFBaseViewController.swift */,
				2FD13458223F664A0023B097 /* IFBaseView.swift */,
				2F60EECF223FAC3C0031A484 /* IFRoundShadowView.swift */,
				2F2937832243373100F55578 /* IFGradientView.swift */,
				2F60EEDA22406A310031A484 /* IFBaseNavigationController.swift */,
				2F722037224F0E29002E2F9D /* IFScaleAnimateable.swift */,
			);
			path = Base;
			sourceTree = "<group>";
		};
		2FD13451223F633A0023B097 /* Util */ = {
			isa = PBXGroup;
			children = (
				2FD13452223F63470023B097 /* Catetory */,
				2F3F86A3223F831500EBE35A /* IconFont.swift */,
				2FAC3D412241F0550089EC76 /* IFItem.swift */,
				2F2937812243353400F55578 /* IFSlowlyShowTransition.swift */,
				2F9B6F14225356F100BC0CB0 /* IFFilter.swift */,
			);
			path = Util;
			sourceTree = "<group>";
		};
		2FD13452223F63470023B097 /* Catetory */ = {
			isa = PBXGroup;
			children = (
				2F3F86A5223F946000EBE35A /* UIColor+IF.swift */,
				2F3A40432249ABDA0065E982 /* ColorUtil.swift */,
			);
			path = Catetory;
			sourceTree = "<group>";
		};
		2FD13457223F66300023B097 /* View */ = {
			isa = PBXGroup;
			children = (
				2F20B1B5225AFA94003A658C /* IFSliderView */,
				2FD1345A223F66660023B097 /* IFMainTabBar.swift */,
			);
			path = View;
			sourceTree = "<group>";
		};
		2FE4ABDB224264C800A777D1 /* beautyMakeup */ = {
			isa = PBXGroup;
			children = (
				2FE4ABDC224264E600A777D1 /* beautyMakeup_index.html */,
				2FE4ABDD224264E600A777D1 /* beautyMakeup_iconfont.ttf */,
			);
			path = beautyMakeup;
			sourceTree = "<group>";
		};
		7CBB41780CE6930819E976A1 /* Pods */ = {
			isa = PBXGroup;
			children = (
				6CE19778AF5FB9C650BEBDA0 /* Pods-IconFont.debug.xcconfig */,
				76D68381198FA81C64799C77 /* Pods-IconFont.release.xcconfig */,
				E56199D75298A58B5738559A /* Pods-IconFontTests.debug.xcconfig */,
				0D390D62D3F9CD4306FD9AE7 /* Pods-IconFontTests.release.xcconfig */,
				6B7FCDBDA111ADBDCC57E3FA /* Pods-IconFontUITests.debug.xcconfig */,
				3628752A21A91BF3FDC3DB76 /* Pods-IconFontUITests.release.xcconfig */,
			);
			path = Pods;
			sourceTree = "<group>";
		};
		E9CA76E852518F844C1A56B0 /* Frameworks */ = {
			isa = PBXGroup;
			children = (
				8D13C2AD5060CDAD6BB8198F /* Pods_IconFont.framework */,
				D063CDC879F9AC2A0BD91013 /* Pods_IconFontTests.framework */,
				E65819DF1B984C86E541D973 /* Pods_IconFontUITests.framework */,
			);
			name = Frameworks;
			sourceTree = "<group>";
		};
/* End PBXGroup section */

/* Begin PBXNativeTarget section */
		2FD1341D223F61B20023B097 /* IconFont */ = {
			isa = PBXNativeTarget;
			buildConfigurationList = 2FD13446223F61B40023B097 /* Build configuration list for PBXNativeTarget "IconFont" */;
			buildPhases = (
				487487EDAD2B2B23C1FD50AA /* [CP] Check Pods Manifest.lock */,
				2FD1341A223F61B20023B097 /* Sources */,
				2FD1341B223F61B20023B097 /* Frameworks */,
				2FD1341C223F61B20023B097 /* Resources */,
				B913DAA23D0CDDAFFEBA2052 /* [CP] Embed Pods Frameworks */,
			);
			buildRules = (
			);
			dependencies = (
			);
			name = IconFont;
			productName = IconFont;
			productReference = 2FD1341E223F61B20023B097 /* IconFont.app */;
			productType = "com.apple.product-type.application";
		};
		2FD13431223F61B40023B097 /* IconFontTests */ = {
			isa = PBXNativeTarget;
			buildConfigurationList = 2FD13449223F61B40023B097 /* Build configuration list for PBXNativeTarget "IconFontTests" */;
			buildPhases = (
				17630E79F10FAD93B06732FD /* [CP] Check Pods Manifest.lock */,
				2FD1342E223F61B40023B097 /* Sources */,
				2FD1342F223F61B40023B097 /* Frameworks */,
				2FD13430223F61B40023B097 /* Resources */,
			);
			buildRules = (
			);
			dependencies = (
				2FD13434223F61B40023B097 /* PBXTargetDependency */,
			);
			name = IconFontTests;
			productName = IconFontTests;
			productReference = 2FD13432223F61B40023B097 /* IconFontTests.xctest */;
			productType = "com.apple.product-type.bundle.unit-test";
		};
		2FD1343C223F61B40023B097 /* IconFontUITests */ = {
			isa = PBXNativeTarget;
			buildConfigurationList = 2FD1344C223F61B40023B097 /* Build configuration list for PBXNativeTarget "IconFontUITests" */;
			buildPhases = (
				063C8BA3C3EBE8C2E622126C /* [CP] Check Pods Manifest.lock */,
				2FD13439223F61B40023B097 /* Sources */,
				2FD1343A223F61B40023B097 /* Frameworks */,
				2FD1343B223F61B40023B097 /* Resources */,
			);
			buildRules = (
			);
			dependencies = (
				2FD1343F223F61B40023B097 /* PBXTargetDependency */,
			);
			name = IconFontUITests;
			productName = IconFontUITests;
			productReference = 2FD1343D223F61B40023B097 /* IconFontUITests.xctest */;
			productType = "com.apple.product-type.bundle.ui-testing";
		};
/* End PBXNativeTarget section */

/* Begin PBXProject section */
		2FD13416223F61B20023B097 /* Project object */ = {
			isa = PBXProject;
			attributes = {
				CLASSPREFIX = IF;
				LastSwiftUpdateCheck = 1010;
				LastUpgradeCheck = 1010;
				ORGANIZATIONNAME = yuqiang;
				TargetAttributes = {
					2FD1341D223F61B20023B097 = {
						CreatedOnToolsVersion = 10.1;
					};
					2FD13431223F61B40023B097 = {
						CreatedOnToolsVersion = 10.1;
						TestTargetID = 2FD1341D223F61B20023B097;
					};
					2FD1343C223F61B40023B097 = {
						CreatedOnToolsVersion = 10.1;
						TestTargetID = 2FD1341D223F61B20023B097;
					};
				};
			};
			buildConfigurationList = 2FD13419223F61B20023B097 /* Build configuration list for PBXProject "IconFont" */;
			compatibilityVersion = "Xcode 9.3";
			developmentRegion = en;
			hasScannedForEncodings = 0;
			knownRegions = (
				en,
				Base,
			);
			mainGroup = 2FD13415223F61B20023B097;
			productRefGroup = 2FD1341F223F61B20023B097 /* Products */;
			projectDirPath = "";
			projectRoot = "";
			targets = (
				2FD1341D223F61B20023B097 /* IconFont */,
				2FD13431223F61B40023B097 /* IconFontTests */,
				2FD1343C223F61B40023B097 /* IconFontUITests */,
			);
		};
/* End PBXProject section */

/* Begin PBXResourcesBuildPhase section */
		2FD1341C223F61B20023B097 /* Resources */ = {
			isa = PBXResourcesBuildPhase;
			buildActionMask = 2147483647;
			files = (
				2FD1342C223F61B40023B097 /* LaunchScreen.storyboard in Resources */,
				2FD13429223F61B40023B097 /* Assets.xcassets in Resources */,
				2FA171872246253C000EC866 /* creativeLetters_index.html in Resources */,
				2FAC3D52224258BC0089EC76 /* sportProject_iconfont.ttf in Resources */,
				2FC3AAD6226B06AE00CF0805 /* sungrow_index.html in Resources */,
				2FC3AAD5226B06AE00CF0805 /* sungrow_iconfont.ttf in Resources */,
				2FAC3D472241F21E0089EC76 /* dingding_index.html in Resources */,
				2FAC3D482241F21E0089EC76 /* dingding_iconfont.ttf in Resources */,
				2FE4ABD9224263AF00A777D1 /* sportMovement_index.html in Resources */,
				2FE4ABDE224264E600A777D1 /* beautyMakeup_index.html in Resources */,
				2FA171882246253C000EC866 /* creativeLetters_iconfont.ttf in Resources */,
				2FE4ABDF224264E600A777D1 /* beautyMakeup_iconfont.ttf in Resources */,
				2F29377D22432DA200F55578 /* weather_iconfont.ttf in Resources */,
				2F29377E22432DA200F55578 /* weather_index.html in Resources */,
				2FE4ABDA224263AF00A777D1 /* sportMovement_iconfont.ttf in Resources */,
				2FAC3D51224258BC0089EC76 /* sportProject_index.html in Resources */,
				2F3F86A2223F816400EBE35A /* iconfont_app.ttf in Resources */,
			);
			runOnlyForDeploymentPostprocessing = 0;
		};
		2FD13430223F61B40023B097 /* Resources */ = {
			isa = PBXResourcesBuildPhase;
			buildActionMask = 2147483647;
			files = (
			);
			runOnlyForDeploymentPostprocessing = 0;
		};
		2FD1343B223F61B40023B097 /* Resources */ = {
			isa = PBXResourcesBuildPhase;
			buildActionMask = 2147483647;
			files = (
			);
			runOnlyForDeploymentPostprocessing = 0;
		};
/* End PBXResourcesBuildPhase section */

/* Begin PBXShellScriptBuildPhase section */
		063C8BA3C3EBE8C2E622126C /* [CP] Check Pods Manifest.lock */ = {
			isa = PBXShellScriptBuildPhase;
			buildActionMask = 2147483647;
			files = (
			);
			inputFileListPaths = (
			);
			inputPaths = (
				"${PODS_PODFILE_DIR_PATH}/Podfile.lock",
				"${PODS_ROOT}/Manifest.lock",
			);
			name = "[CP] Check Pods Manifest.lock";
			outputFileListPaths = (
			);
			outputPaths = (
				"$(DERIVED_FILE_DIR)/Pods-IconFontUITests-checkManifestLockResult.txt",
			);
			runOnlyForDeploymentPostprocessing = 0;
			shellPath = /bin/sh;
			shellScript = "diff \"${PODS_PODFILE_DIR_PATH}/Podfile.lock\" \"${PODS_ROOT}/Manifest.lock\" > /dev/null\nif [ $? != 0 ] ; then\n    # print error to STDERR\n    echo \"error: The sandbox is not in sync with the Podfile.lock. Run 'pod install' or update your CocoaPods installation.\" >&2\n    exit 1\nfi\n# This output is used by Xcode 'outputs' to avoid re-running this script phase.\necho \"SUCCESS\" > \"${SCRIPT_OUTPUT_FILE_0}\"\n";
			showEnvVarsInLog = 0;
		};
		17630E79F10FAD93B06732FD /* [CP] Check Pods Manifest.lock */ = {
			isa = PBXShellScriptBuildPhase;
			buildActionMask = 2147483647;
			files = (
			);
			inputFileListPaths = (
			);
			inputPaths = (
				"${PODS_PODFILE_DIR_PATH}/Podfile.lock",
				"${PODS_ROOT}/Manifest.lock",
			);
			name = "[CP] Check Pods Manifest.lock";
			outputFileListPaths = (
			);
			outputPaths = (
				"$(DERIVED_FILE_DIR)/Pods-IconFontTests-checkManifestLockResult.txt",
			);
			runOnlyForDeploymentPostprocessing = 0;
			shellPath = /bin/sh;
			shellScript = "diff \"${PODS_PODFILE_DIR_PATH}/Podfile.lock\" \"${PODS_ROOT}/Manifest.lock\" > /dev/null\nif [ $? != 0 ] ; then\n    # print error to STDERR\n    echo \"error: The sandbox is not in sync with the Podfile.lock. Run 'pod install' or update your CocoaPods installation.\" >&2\n    exit 1\nfi\n# This output is used by Xcode 'outputs' to avoid re-running this script phase.\necho \"SUCCESS\" > \"${SCRIPT_OUTPUT_FILE_0}\"\n";
			showEnvVarsInLog = 0;
		};
		487487EDAD2B2B23C1FD50AA /* [CP] Check Pods Manifest.lock */ = {
			isa = PBXShellScriptBuildPhase;
			buildActionMask = 2147483647;
			files = (
			);
			inputFileListPaths = (
			);
			inputPaths = (
				"${PODS_PODFILE_DIR_PATH}/Podfile.lock",
				"${PODS_ROOT}/Manifest.lock",
			);
			name = "[CP] Check Pods Manifest.lock";
			outputFileListPaths = (
			);
			outputPaths = (
				"$(DERIVED_FILE_DIR)/Pods-IconFont-checkManifestLockResult.txt",
			);
			runOnlyForDeploymentPostprocessing = 0;
			shellPath = /bin/sh;
			shellScript = "diff \"${PODS_PODFILE_DIR_PATH}/Podfile.lock\" \"${PODS_ROOT}/Manifest.lock\" > /dev/null\nif [ $? != 0 ] ; then\n    # print error to STDERR\n    echo \"error: The sandbox is not in sync with the Podfile.lock. Run 'pod install' or update your CocoaPods installation.\" >&2\n    exit 1\nfi\n# This output is used by Xcode 'outputs' to avoid re-running this script phase.\necho \"SUCCESS\" > \"${SCRIPT_OUTPUT_FILE_0}\"\n";
			showEnvVarsInLog = 0;
		};
		B913DAA23D0CDDAFFEBA2052 /* [CP] Embed Pods Frameworks */ = {
			isa = PBXShellScriptBuildPhase;
			buildActionMask = 2147483647;
			files = (
			);
			inputFileListPaths = (
			);
			name = "[CP] Embed Pods Frameworks";
			outputFileListPaths = (
			);
			runOnlyForDeploymentPostprocessing = 0;
			shellPath = /bin/sh;
			shellScript = "\"${PODS_ROOT}/Target Support Files/Pods-IconFont/Pods-IconFont-frameworks.sh\"\n";
			showEnvVarsInLog = 0;
		};
/* End PBXShellScriptBuildPhase section */

/* Begin PBXSourcesBuildPhase section */
		2FD1341A223F61B20023B097 /* Sources */ = {
			isa = PBXSourcesBuildPhase;
			buildActionMask = 2147483647;
			files = (
				2F9B6F1922537C2500BC0CB0 /* IFEditNavBar.swift in Sources */,
				2F2937802243315200F55578 /* IFOverviewDetailController.swift in Sources */,
				2FD13459223F664A0023B097 /* IFBaseView.swift in Sources */,
				2F9B6F15225356F100BC0CB0 /* IFFilter.swift in Sources */,
				2F3F86A4223F831500EBE35A /* IconFont.swift in Sources */,
				2F20B1B7225AFB46003A658C /* IFSliderView.swift in Sources */,
				2F9B6F1F2254C7E300BC0CB0 /* IFEditToolViewController.swift in Sources */,
				2F60EED0223FAC3C0031A484 /* IFRoundShadowView.swift in Sources */,
				2F60EED9224069EB0031A484 /* IFEditHomeViewController.swift in Sources */,
				2FD13456223F64F10023B097 /* IFMainViewController.swift in Sources */,
				1A242B1D2250C00A00FE6365 /* IFEditDetailViewController.swift in Sources */,
				2FD13422223F61B20023B097 /* AppDelegate.swift in Sources */,
				2F60EEDB22406A310031A484 /* IFBaseNavigationController.swift in Sources */,
				2F60EEDE224089C20031A484 /* IFListViewController.swift in Sources */,
				2FA1717E224482AD000EC866 /* IFOverviewDetailContentView.swift in Sources */,
				2F9B6F172253757400BC0CB0 /* IFEditContentIconView.swift in Sources */,
				2F3F86A6223F946000EBE35A /* UIColor+IF.swift in Sources */,
				2F2937822243353400F55578 /* IFSlowlyShowTransition.swift in Sources */,
				2FAC3D4A224225140089EC76 /* IFOverviewCell.swift in Sources */,
				1A242B1B2245272700FE6365 /* IFIntroductionViewController.swift in Sources */,
				2F722038224F0E29002E2F9D /* IFScaleAnimateable.swift in Sources */,
				2F2937862243577E00F55578 /* IFOverviewDetailTitleView.swift in Sources */,
				2F3A40442249ABDA0065E982 /* ColorUtil.swift in Sources */,
				2FD13454223F64AA0023B097 /* IFBaseViewController.swift in Sources */,
				2F9B6F1D2254B27B00BC0CB0 /* IFEditToolBar.swift in Sources */,
				2FC3803E224E147C006B12B7 /* IFEditHomeHeaderView.swift in Sources */,
				2F2937842243373100F55578 /* IFGradientView.swift in Sources */,
				2FC38039224E0DE5006B12B7 /* IFGlobalManager.swift in Sources */,
				2F9B6F1B225446E500BC0CB0 /* IFCalculatorPanel.swift in Sources */,
				2F60EED7224069DE0031A484 /* IFOverviewViewController.swift in Sources */,
				2FD1345B223F66660023B097 /* IFMainTabBar.swift in Sources */,
				2FC3803C224E132B006B12B7 /* IFEditHomeCell.swift in Sources */,
				2FAC3D4C22423D690089EC76 /* IFOverviewHeaderView.swift in Sources */,
				2F9B6F222255B4E800BC0CB0 /* IFCalculatorController.swift in Sources */,
				2FAC3D422241F0550089EC76 /* IFItem.swift in Sources */,
			);
			runOnlyForDeploymentPostprocessing = 0;
		};
		2FD1342E223F61B40023B097 /* Sources */ = {
			isa = PBXSourcesBuildPhase;
			buildActionMask = 2147483647;
			files = (
				2FD13437223F61B40023B097 /* IconFontTests.swift in Sources */,
			);
			runOnlyForDeploymentPostprocessing = 0;
		};
		2FD13439223F61B40023B097 /* Sources */ = {
			isa = PBXSourcesBuildPhase;
			buildActionMask = 2147483647;
			files = (
				2FD13442223F61B40023B097 /* IconFontUITests.swift in Sources */,
			);
			runOnlyForDeploymentPostprocessing = 0;
		};
/* End PBXSourcesBuildPhase section */

/* Begin PBXTargetDependency section */
		2FD13434223F61B40023B097 /* PBXTargetDependency */ = {
			isa = PBXTargetDependency;
			target = 2FD1341D223F61B20023B097 /* IconFont */;
			targetProxy = 2FD13433223F61B40023B097 /* PBXContainerItemProxy */;
		};
		2FD1343F223F61B40023B097 /* PBXTargetDependency */ = {
			isa = PBXTargetDependency;
			target = 2FD1341D223F61B20023B097 /* IconFont */;
			targetProxy = 2FD1343E223F61B40023B097 /* PBXContainerItemProxy */;
		};
/* End PBXTargetDependency section */

/* Begin PBXVariantGroup section */
		2FD1342A223F61B40023B097 /* LaunchScreen.storyboard */ = {
			isa = PBXVariantGroup;
			children = (
				2FD1342B223F61B40023B097 /* Base */,
			);
			name = LaunchScreen.storyboard;
			sourceTree = "<group>";
		};
/* End PBXVariantGroup section */

/* Begin XCBuildConfiguration section */
		2FD13444223F61B40023B097 /* Debug */ = {
			isa = XCBuildConfiguration;
			buildSettings = {
				ALWAYS_SEARCH_USER_PATHS = NO;
				CLANG_ANALYZER_NONNULL = YES;
				CLANG_ANALYZER_NUMBER_OBJECT_CONVERSION = YES_AGGRESSIVE;
				CLANG_CXX_LANGUAGE_STANDARD = "gnu++14";
				CLANG_CXX_LIBRARY = "libc++";
				CLANG_ENABLE_MODULES = YES;
				CLANG_ENABLE_OBJC_ARC = YES;
				CLANG_ENABLE_OBJC_WEAK = YES;
				CLANG_WARN_BLOCK_CAPTURE_AUTORELEASING = YES;
				CLANG_WARN_BOOL_CONVERSION = YES;
				CLANG_WARN_COMMA = YES;
				CLANG_WARN_CONSTANT_CONVERSION = YES;
				CLANG_WARN_DEPRECATED_OBJC_IMPLEMENTATIONS = YES;
				CLANG_WARN_DIRECT_OBJC_ISA_USAGE = YES_ERROR;
				CLANG_WARN_DOCUMENTATION_COMMENTS = YES;
				CLANG_WARN_EMPTY_BODY = YES;
				CLANG_WARN_ENUM_CONVERSION = YES;
				CLANG_WARN_INFINITE_RECURSION = YES;
				CLANG_WARN_INT_CONVERSION = YES;
				CLANG_WARN_NON_LITERAL_NULL_CONVERSION = YES;
				CLANG_WARN_OBJC_IMPLICIT_RETAIN_SELF = YES;
				CLANG_WARN_OBJC_LITERAL_CONVERSION = YES;
				CLANG_WARN_OBJC_ROOT_CLASS = YES_ERROR;
				CLANG_WARN_RANGE_LOOP_ANALYSIS = YES;
				CLANG_WARN_STRICT_PROTOTYPES = YES;
				CLANG_WARN_SUSPICIOUS_MOVE = YES;
				CLANG_WARN_UNGUARDED_AVAILABILITY = YES_AGGRESSIVE;
				CLANG_WARN_UNREACHABLE_CODE = YES;
				CLANG_WARN__DUPLICATE_METHOD_MATCH = YES;
				CODE_SIGN_IDENTITY = "iPhone Developer";
				COPY_PHASE_STRIP = NO;
				DEBUG_INFORMATION_FORMAT = dwarf;
				ENABLE_STRICT_OBJC_MSGSEND = YES;
				ENABLE_TESTABILITY = YES;
				GCC_C_LANGUAGE_STANDARD = gnu11;
				GCC_DYNAMIC_NO_PIC = NO;
				GCC_NO_COMMON_BLOCKS = YES;
				GCC_OPTIMIZATION_LEVEL = 0;
				GCC_PREPROCESSOR_DEFINITIONS = (
					"DEBUG=1",
					"$(inherited)",
				);
				GCC_WARN_64_TO_32_BIT_CONVERSION = YES;
				GCC_WARN_ABOUT_RETURN_TYPE = YES_ERROR;
				GCC_WARN_UNDECLARED_SELECTOR = YES;
				GCC_WARN_UNINITIALIZED_AUTOS = YES_AGGRESSIVE;
				GCC_WARN_UNUSED_FUNCTION = YES;
				GCC_WARN_UNUSED_VARIABLE = YES;
				IPHONEOS_DEPLOYMENT_TARGET = 12.1;
				MTL_ENABLE_DEBUG_INFO = INCLUDE_SOURCE;
				MTL_FAST_MATH = YES;
				ONLY_ACTIVE_ARCH = YES;
				SDKROOT = iphoneos;
				SWIFT_ACTIVE_COMPILATION_CONDITIONS = DEBUG;
				SWIFT_OPTIMIZATION_LEVEL = "-Onone";
			};
			name = Debug;
		};
		2FD13445223F61B40023B097 /* Release */ = {
			isa = XCBuildConfiguration;
			buildSettings = {
				ALWAYS_SEARCH_USER_PATHS = NO;
				CLANG_ANALYZER_NONNULL = YES;
				CLANG_ANALYZER_NUMBER_OBJECT_CONVERSION = YES_AGGRESSIVE;
				CLANG_CXX_LANGUAGE_STANDARD = "gnu++14";
				CLANG_CXX_LIBRARY = "libc++";
				CLANG_ENABLE_MODULES = YES;
				CLANG_ENABLE_OBJC_ARC = YES;
				CLANG_ENABLE_OBJC_WEAK = YES;
				CLANG_WARN_BLOCK_CAPTURE_AUTORELEASING = YES;
				CLANG_WARN_BOOL_CONVERSION = YES;
				CLANG_WARN_COMMA = YES;
				CLANG_WARN_CONSTANT_CONVERSION = YES;
				CLANG_WARN_DEPRECATED_OBJC_IMPLEMENTATIONS = YES;
				CLANG_WARN_DIRECT_OBJC_ISA_USAGE = YES_ERROR;
				CLANG_WARN_DOCUMENTATION_COMMENTS = YES;
				CLANG_WARN_EMPTY_BODY = YES;
				CLANG_WARN_ENUM_CONVERSION = YES;
				CLANG_WARN_INFINITE_RECURSION = YES;
				CLANG_WARN_INT_CONVERSION = YES;
				CLANG_WARN_NON_LITERAL_NULL_CONVERSION = YES;
				CLANG_WARN_OBJC_IMPLICIT_RETAIN_SELF = YES;
				CLANG_WARN_OBJC_LITERAL_CONVERSION = YES;
				CLANG_WARN_OBJC_ROOT_CLASS = YES_ERROR;
				CLANG_WARN_RANGE_LOOP_ANALYSIS = YES;
				CLANG_WARN_STRICT_PROTOTYPES = YES;
				CLANG_WARN_SUSPICIOUS_MOVE = YES;
				CLANG_WARN_UNGUARDED_AVAILABILITY = YES_AGGRESSIVE;
				CLANG_WARN_UNREACHABLE_CODE = YES;
				CLANG_WARN__DUPLICATE_METHOD_MATCH = YES;
				CODE_SIGN_IDENTITY = "iPhone Developer";
				COPY_PHASE_STRIP = NO;
				DEBUG_INFORMATION_FORMAT = "dwarf-with-dsym";
				ENABLE_NS_ASSERTIONS = NO;
				ENABLE_STRICT_OBJC_MSGSEND = YES;
				GCC_C_LANGUAGE_STANDARD = gnu11;
				GCC_NO_COMMON_BLOCKS = YES;
				GCC_WARN_64_TO_32_BIT_CONVERSION = YES;
				GCC_WARN_ABOUT_RETURN_TYPE = YES_ERROR;
				GCC_WARN_UNDECLARED_SELECTOR = YES;
				GCC_WARN_UNINITIALIZED_AUTOS = YES_AGGRESSIVE;
				GCC_WARN_UNUSED_FUNCTION = YES;
				GCC_WARN_UNUSED_VARIABLE = YES;
				IPHONEOS_DEPLOYMENT_TARGET = 12.1;
				MTL_ENABLE_DEBUG_INFO = NO;
				MTL_FAST_MATH = YES;
				SDKROOT = iphoneos;
				SWIFT_COMPILATION_MODE = wholemodule;
				SWIFT_OPTIMIZATION_LEVEL = "-O";
				VALIDATE_PRODUCT = YES;
			};
			name = Release;
		};
		2FD13447223F61B40023B097 /* Debug */ = {
			isa = XCBuildConfiguration;
			baseConfigurationReference = 6CE19778AF5FB9C650BEBDA0 /* Pods-IconFont.debug.xcconfig */;
			buildSettings = {
				ASSETCATALOG_COMPILER_APPICON_NAME = AppIcon;
				CODE_SIGN_IDENTITY = "iPhone Developer";
				CODE_SIGN_STYLE = Automatic;
				DEVELOPMENT_TEAM = 453F6RK52H;
				INFOPLIST_FILE = IconFont/Info.plist;
				IPHONEOS_DEPLOYMENT_TARGET = 9.3;
				LD_RUNPATH_SEARCH_PATHS = (
					"$(inherited)",
					"@executable_path/Frameworks",
				);
				PRODUCT_BUNDLE_IDENTIFIER = com.yuqiangcoder.IconFont;
				PRODUCT_NAME = "$(TARGET_NAME)";
				PROVISIONING_PROFILE_SPECIFIER = "";
				SWIFT_VERSION = 4.2;
				TARGETED_DEVICE_FAMILY = "1,2";
			};
			name = Debug;
		};
		2FD13448223F61B40023B097 /* Release */ = {
			isa = XCBuildConfiguration;
			baseConfigurationReference = 76D68381198FA81C64799C77 /* Pods-IconFont.release.xcconfig */;
			buildSettings = {
				ASSETCATALOG_COMPILER_APPICON_NAME = AppIcon;
				CODE_SIGN_IDENTITY = "iPhone Developer";
				CODE_SIGN_STYLE = Automatic;
				DEVELOPMENT_TEAM = 453F6RK52H;
				INFOPLIST_FILE = IconFont/Info.plist;
				IPHONEOS_DEPLOYMENT_TARGET = 9.3;
				LD_RUNPATH_SEARCH_PATHS = (
					"$(inherited)",
					"@executable_path/Frameworks",
				);
				PRODUCT_BUNDLE_IDENTIFIER = com.yuqiangcoder.IconFont;
				PRODUCT_NAME = "$(TARGET_NAME)";
				PROVISIONING_PROFILE_SPECIFIER = "";
				SWIFT_VERSION = 4.2;
				TARGETED_DEVICE_FAMILY = "1,2";
			};
			name = Release;
		};
		2FD1344A223F61B40023B097 /* Debug */ = {
			isa = XCBuildConfiguration;
			baseConfigurationReference = E56199D75298A58B5738559A /* Pods-IconFontTests.debug.xcconfig */;
			buildSettings = {
				ALWAYS_EMBED_SWIFT_STANDARD_LIBRARIES = YES;
				BUNDLE_LOADER = "$(TEST_HOST)";
				CODE_SIGN_STYLE = Automatic;
				INFOPLIST_FILE = IconFontTests/Info.plist;
				LD_RUNPATH_SEARCH_PATHS = (
					"$(inherited)",
					"@executable_path/Frameworks",
					"@loader_path/Frameworks",
				);
				PRODUCT_BUNDLE_IDENTIFIER = com.yuqiangcoder.IconFontTests;
				PRODUCT_NAME = "$(TARGET_NAME)";
				SWIFT_VERSION = 4.2;
				TARGETED_DEVICE_FAMILY = "1,2";
				TEST_HOST = "$(BUILT_PRODUCTS_DIR)/IconFont.app/IconFont";
			};
			name = Debug;
		};
		2FD1344B223F61B40023B097 /* Release */ = {
			isa = XCBuildConfiguration;
			baseConfigurationReference = 0D390D62D3F9CD4306FD9AE7 /* Pods-IconFontTests.release.xcconfig */;
			buildSettings = {
				ALWAYS_EMBED_SWIFT_STANDARD_LIBRARIES = YES;
				BUNDLE_LOADER = "$(TEST_HOST)";
				CODE_SIGN_STYLE = Automatic;
				INFOPLIST_FILE = IconFontTests/Info.plist;
				LD_RUNPATH_SEARCH_PATHS = (
					"$(inherited)",
					"@executable_path/Frameworks",
					"@loader_path/Frameworks",
				);
				PRODUCT_BUNDLE_IDENTIFIER = com.yuqiangcoder.IconFontTests;
				PRODUCT_NAME = "$(TARGET_NAME)";
				SWIFT_VERSION = 4.2;
				TARGETED_DEVICE_FAMILY = "1,2";
				TEST_HOST = "$(BUILT_PRODUCTS_DIR)/IconFont.app/IconFont";
			};
			name = Release;
		};
		2FD1344D223F61B40023B097 /* Debug */ = {
			isa = XCBuildConfiguration;
			baseConfigurationReference = 6B7FCDBDA111ADBDCC57E3FA /* Pods-IconFontUITests.debug.xcconfig */;
			buildSettings = {
				ALWAYS_EMBED_SWIFT_STANDARD_LIBRARIES = YES;
				CODE_SIGN_STYLE = Automatic;
				INFOPLIST_FILE = IconFontUITests/Info.plist;
				LD_RUNPATH_SEARCH_PATHS = (
					"$(inherited)",
					"@executable_path/Frameworks",
					"@loader_path/Frameworks",
				);
				PRODUCT_BUNDLE_IDENTIFIER = com.yuqiangcoder.IconFontUITests;
				PRODUCT_NAME = "$(TARGET_NAME)";
				SWIFT_VERSION = 4.2;
				TARGETED_DEVICE_FAMILY = "1,2";
				TEST_TARGET_NAME = IconFont;
			};
			name = Debug;
		};
		2FD1344E223F61B40023B097 /* Release */ = {
			isa = XCBuildConfiguration;
			baseConfigurationReference = 3628752A21A91BF3FDC3DB76 /* Pods-IconFontUITests.release.xcconfig */;
			buildSettings = {
				ALWAYS_EMBED_SWIFT_STANDARD_LIBRARIES = YES;
				CODE_SIGN_STYLE = Automatic;
				INFOPLIST_FILE = IconFontUITests/Info.plist;
				LD_RUNPATH_SEARCH_PATHS = (
					"$(inherited)",
					"@executable_path/Frameworks",
					"@loader_path/Frameworks",
				);
				PRODUCT_BUNDLE_IDENTIFIER = com.yuqiangcoder.IconFontUITests;
				PRODUCT_NAME = "$(TARGET_NAME)";
				SWIFT_VERSION = 4.2;
				TARGETED_DEVICE_FAMILY = "1,2";
				TEST_TARGET_NAME = IconFont;
			};
			name = Release;
		};
/* End XCBuildConfiguration section */

/* Begin XCConfigurationList section */
		2FD13419223F61B20023B097 /* Build configuration list for PBXProject "IconFont" */ = {
			isa = XCConfigurationList;
			buildConfigurations = (
				2FD13444223F61B40023B097 /* Debug */,
				2FD13445223F61B40023B097 /* Release */,
			);
			defaultConfigurationIsVisible = 0;
			defaultConfigurationName = Release;
		};
		2FD13446223F61B40023B097 /* Build configuration list for PBXNativeTarget "IconFont" */ = {
			isa = XCConfigurationList;
			buildConfigurations = (
				2FD13447223F61B40023B097 /* Debug */,
				2FD13448223F61B40023B097 /* Release */,
			);
			defaultConfigurationIsVisible = 0;
			defaultConfigurationName = Release;
		};
		2FD13449223F61B40023B097 /* Build configuration list for PBXNativeTarget "IconFontTests" */ = {
			isa = XCConfigurationList;
			buildConfigurations = (
				2FD1344A223F61B40023B097 /* Debug */,
				2FD1344B223F61B40023B097 /* Release */,
			);
			defaultConfigurationIsVisible = 0;
			defaultConfigurationName = Release;
		};
		2FD1344C223F61B40023B097 /* Build configuration list for PBXNativeTarget "IconFontUITests" */ = {
			isa = XCConfigurationList;
			buildConfigurations = (
				2FD1344D223F61B40023B097 /* Debug */,
				2FD1344E223F61B40023B097 /* Release */,
			);
			defaultConfigurationIsVisible = 0;
			defaultConfigurationName = Release;
		};
/* End XCConfigurationList section */
	};
	rootObject = 2FD13416223F61B20023B097 /* Project object */;
}
